
Microsoft Visual Studio Solution File, Format Version 12.00
# Visual Studio Version 16
VisualStudioVersion = 16.0.30011.22
MinimumVisualStudioVersion = 10.0.40219.1
Project("{FAE04EC0-301F-11D3-BF4B-00C04F79EFBC}") = "Калькулятор", "Калькулятор\Калькулятор.csproj", "{E62BBDD8-1BF7-4CD8-A0FC-2C79A1ABD982}"
EndProject
Global
	GlobalSection(SolutionConfigurationPlatforms) = preSolution
		Debug|Any CPU = Debug|Any CPU
		Release|Any CPU = Release|Any CPU
	EndGlobalSection
	GlobalSection(ProjectConfigurationPlatforms) = postSolution
		{E62BBDD8-1BF7-4CD8-A0FC-2C79A1ABD982}.Debug|Any CPU.ActiveCfg = Debug|Any CPU
		{E62BBDD8-1BF7-4CD8-A0FC-2C79A1ABD982}.Debug|Any CPU.Build.0 = Debug|Any CPU
		{E62BBDD8-1BF7-4CD8-A0FC-2C79A1ABD982}.Release|Any CPU.ActiveCfg = Release|Any CPU
		{E62BBDD8-1BF7-4CD8-A0FC-2C79A1ABD982}.Release|Any CPU.Build.0 = Release|Any CPU
	EndGlobalSection
	GlobalSection(SolutionProperties) = preSolution
		HideSolutionNode = FALSE
	EndGlobalSection
	GlobalSection(ExtensibilityGlobals) = postSolution
		SolutionGuid = {B382BA8E-3235-4E00-86E2-C5ADA2B12BFC}
	EndGlobalSection
EndGlobal
